
Microsoft Visual Studio Solution File, Format Version 12.00
# Visual Studio Version 17
VisualStudioVersion = 17.1.32421.90
MinimumVisualStudioVersion = 10.0.40219.1
Project("{FAE04EC0-301F-11D3-BF4B-00C04F79EFBC}") = "Skib3", "Skib3\Skib3.csproj", "{C5DA14AD-77DD-4CA2-8082-54F66A5366ED}"
EndProject
Global
	GlobalSection(SolutionConfigurationPlatforms) = preSolution
		Debug|Any CPU = Debug|Any CPU
		Release|Any CPU = Release|Any CPU
	EndGlobalSection
	GlobalSection(ProjectConfigurationPlatforms) = postSolution
		{C5DA14AD-77DD-4CA2-8082-54F66A5366ED}.Debug|Any CPU.ActiveCfg = Debug|Any CPU
		{C5DA14AD-77DD-4CA2-8082-54F66A5366ED}.Debug|Any CPU.Build.0 = Debug|Any CPU
		{C5DA14AD-77DD-4CA2-8082-54F66A5366ED}.Release|Any CPU.ActiveCfg = Release|Any CPU
		{C5DA14AD-77DD-4CA2-8082-54F66A5366ED}.Release|Any CPU.Build.0 = Release|Any CPU
	EndGlobalSection
	GlobalSection(SolutionProperties) = preSolution
		HideSolutionNode = FALSE
	EndGlobalSection
	GlobalSection(ExtensibilityGlobals) = postSolution
		SolutionGuid = {DE198FF7-CC98-4BF6-9FF4-24F36317977F}
	EndGlobalSection
EndGlobal
